// !$*UTF8*$!
{
	archiveVersion = 1;
	classes = {
	};
	objectVersion = 46;
	objects = {

/* Begin PBXAggregateTarget section */
		6E409A209D642E8BDEE75143 /* All */ = {
			isa = PBXAggregateTarget;
			buildConfigurationList = 384AEC9F9DD77EC08BAFA36F /* Build configuration list for PBXAggregateTarget "All" */;
			buildPhases = (
			);
			dependencies = (
				420AEC40ADC3E6CA8DA39C8E /* PBXTargetDependency */,
				93CE62CB19C8FD583016AB28 /* PBXTargetDependency */,
				AE78CDFFBD50C2DC06A7658A /* PBXTargetDependency */,
			);
			name = All;
			productName = All;
		};
/* End PBXAggregateTarget section */

/* Begin PBXBuildFile section */
		0A04F234234C06CFF0766232 /* test_kick.c in Sources */ = {isa = PBXBuildFile; fileRef = 9108766608100716CA22B863 /* test_kick.c */; };
		0C5D67A2EBD04D16F8DD7ADC /* pc_pomelo.c in Sources */ = {isa = PBXBuildFile; fileRef = D431CB24B7674046796C32BC /* pc_pomelo.c */; };
		0E3B40F20FB40F3B7999C32E /* libzlib.a in Frameworks */ = {isa = PBXBuildFile; fileRef = 5BDFD6793E9DB0C171AA4F62 /* libzlib.a */; };
		171A4BF920C86D59009082CC /* pc_assert.c in Sources */ = {isa = PBXBuildFile; fileRef = 171A4BF520C86C54009082CC /* pc_assert.c */; };
		171A4BFA20C86D5A009082CC /* pc_assert.c in Sources */ = {isa = PBXBuildFile; fileRef = 171A4BF520C86C54009082CC /* pc_assert.c */; };
		171A4BFB20C86D5A009082CC /* pc_assert.c in Sources */ = {isa = PBXBuildFile; fileRef = 171A4BF520C86C54009082CC /* pc_assert.c */; };
		1EF56CDE7594F6518166422D /* pc_trans_repo.c in Sources */ = {isa = PBXBuildFile; fileRef = A0053F518F8F7D270B0412C4 /* pc_trans_repo.c */; };
		218F812345028D23CECCBC20 /* tr_dummy.c in Sources */ = {isa = PBXBuildFile; fileRef = 1B5FA4BFCCD305A28C0B9049 /* tr_dummy.c */; };
		269FAE1B997673EDAC8C65D4 /* tr_uv_tcp.c in Sources */ = {isa = PBXBuildFile; fileRef = A6C50EA22A74B59BC9D6176B /* tr_uv_tcp.c */; };
		3474D85AA88FEFC223DA645F /* pr_pkg.c in Sources */ = {isa = PBXBuildFile; fileRef = 0CF2789E0EDBC6B7F90765B7 /* pr_pkg.c */; };
		3F17109A79D65D988EFA0951 /* munit.c in Sources */ = {isa = PBXBuildFile; fileRef = 6156655767ADB9D0D493F0E3 /* munit.c */; };
		48C0593D198EC949B6231B0B /* test_notify.c in Sources */ = {isa = PBXBuildFile; fileRef = 30014FDAA02607DA0B5ADFEA /* test_notify.c */; };
		4F22F6D6FA5274AFD6D6270A /* libopenssl.a in Frameworks */ = {isa = PBXBuildFile; fileRef = 10DC97970611A9A5438E1F67 /* libopenssl.a */; };
		5073A7EA1A37E48324FDF797 /* test-tr_tcp.c in Sources */ = {isa = PBXBuildFile; fileRef = 74251F2188A6E561B93FB3D6 /* test-tr_tcp.c */; };
		59D44BB2D46CDC8FE6B5D006 /* pr_gzip.c in Sources */ = {isa = PBXBuildFile; fileRef = 1FE5F93353B338C5BEF3CB9F /* pr_gzip.c */; };
		5E86EEFAB227F8B15C5EEB6D /* pr_msg_json.c in Sources */ = {isa = PBXBuildFile; fileRef = 01FB2E06465E2F68AA0271B6 /* pr_msg_json.c */; };
		65C3FD1641E942B6D88EFF62 /* pc_trans.c in Sources */ = {isa = PBXBuildFile; fileRef = EA98E9833D3892875EC73031 /* pc_trans.c */; };
		67ECB708FBC8AE6E523E9E67 /* tr_uv_tcp_aux.c in Sources */ = {isa = PBXBuildFile; fileRef = 3019116ACA04B0193690BC32 /* tr_uv_tcp_aux.c */; };
		6BA97DA9E7FEE13EB2D08503 /* -lm in Frameworks */ = {isa = PBXBuildFile; fileRef = CE3D9D957938AAB4ECC2C2AD /* -lm */; };
		6C9F0E499F6631807F0519E3 /* libzlib.a in Frameworks */ = {isa = PBXBuildFile; fileRef = 5BDFD6793E9DB0C171AA4F62 /* libzlib.a */; };
		75290DD0A26DE802D93701EF /* test_request.c in Sources */ = {isa = PBXBuildFile; fileRef = DEFC87509A90889FFBE76A4A /* test_request.c */; };
		7C4A580DAA39840FBE6455EC /* pr_msg.c in Sources */ = {isa = PBXBuildFile; fileRef = EE190493AADBB17FF4BDFAF1 /* pr_msg.c */; };
		817B711635B5C4A832288B55 /* main.c in Sources */ = {isa = PBXBuildFile; fileRef = 8D946DEA9BFFD62C2B39C48E /* main.c */; };
		830509A7C76FBDDDB6A45AF5 /* pc_JSON.c in Sources */ = {isa = PBXBuildFile; fileRef = 76B65CED397920478E0273C0 /* pc_JSON.c */; };
		86671B488B4E3B1CC56344B1 /* tr_uv_tcp_i.c in Sources */ = {isa = PBXBuildFile; fileRef = EE29283DE5BBE2DFBCBABA55 /* tr_uv_tcp_i.c */; };
		904C0FD8290E4E7DEC455E10 /* -lm in Frameworks */ = {isa = PBXBuildFile; fileRef = CE3D9D957938AAB4ECC2C2AD /* -lm */; };
		90CB19DBDF26CD1F71B20900 /* libpitaya.a in Frameworks */ = {isa = PBXBuildFile; fileRef = 798253CDC52C3473D6C7966A /* libpitaya.a */; };
		92CA46925809166571097D79 /* libuv.a in Frameworks */ = {isa = PBXBuildFile; fileRef = ED6ADD425B0036DEE678188C /* libuv.a */; };
		9E51B574A261E3E81AE282DC /* test_pc_client.c in Sources */ = {isa = PBXBuildFile; fileRef = F625DFF6EB54892A7C9C08F8 /* test_pc_client.c */; };
		B2A94B804D3193A643A44668 /* test_session.c in Sources */ = {isa = PBXBuildFile; fileRef = DE3E558FBA7F67A065EC2767 /* test_session.c */; };
		B30B0D1C41CA605DC2D91BD8 /* cspomelo.c in Sources */ = {isa = PBXBuildFile; fileRef = 92240B52CAD0DCB74BFBE8D8 /* cspomelo.c */; };
		BB9EEA2CCACCDB7D7FD84369 /* test_reconnection.c in Sources */ = {isa = PBXBuildFile; fileRef = 98C1F2450BCE73666B11571B /* test_reconnection.c */; };
		CA440914A89D25AED413A40E /* test_compression.c in Sources */ = {isa = PBXBuildFile; fileRef = F5CE3FCACB5C556E2BB589E1 /* test_compression.c */; };
		D00FA5A759029DC371FD349E /* test_stress.c in Sources */ = {isa = PBXBuildFile; fileRef = 8E58A47EFE470FB388E356AA /* test_stress.c */; };
		DF6D660B7BCB68AAACDEF8C4 /* libopenssl.a in Frameworks */ = {isa = PBXBuildFile; fileRef = 10DC97970611A9A5438E1F67 /* libopenssl.a */; };
		E2F4CE74832413090BA073F6 /* tr_uv_tls_i.c in Sources */ = {isa = PBXBuildFile; fileRef = B94C84D2881FA8FB586B958A /* tr_uv_tls_i.c */; };
		E943C4D65213D51A5E7489A7 /* libuv.a in Frameworks */ = {isa = PBXBuildFile; fileRef = ED6ADD425B0036DEE678188C /* libuv.a */; };
		ECCE108E271DE2958D0C34EA /* tr_uv_tls.c in Sources */ = {isa = PBXBuildFile; fileRef = 99A17CF0FD07388D32D98CF3 /* tr_uv_tls.c */; };
		EEE1B24CBBF827205B40D829 /* libpitaya.a in Frameworks */ = {isa = PBXBuildFile; fileRef = 798253CDC52C3473D6C7966A /* libpitaya.a */; };
		F6FFCBBBF7A3F960A850B799 /* test-tr_tls.c in Sources */ = {isa = PBXBuildFile; fileRef = 55556D5804B6E2EABD6288DA /* test-tr_tls.c */; };
		FAF324DB234930BDFAD888AA /* tr_uv_tls_aux.c in Sources */ = {isa = PBXBuildFile; fileRef = D72DE8C81F064C236B4C78B9 /* tr_uv_tls_aux.c */; };
		FE7DA27424D4819CA9BB167E /* pc_lib.c in Sources */ = {isa = PBXBuildFile; fileRef = D21C3122B6C6B268B046AEF7 /* pc_lib.c */; };
/* End PBXBuildFile section */

/* Begin PBXContainerItemProxy section */
		05A81609B15D81D44720FD86 /* PBXContainerItemProxy */ = {
			isa = PBXContainerItemProxy;
			containerPortal = DB04EA159A88EB1C62BF850F /* Project object */;
			proxyType = 1;
			remoteGlobalIDString = 9CDDC22BAC5D007CF9D0AE11;
			remoteInfo = pitaya;
		};
		079CB2489118288CBD8D67A5 /* PBXContainerItemProxy */ = {
			isa = PBXContainerItemProxy;
			containerPortal = 7A07FC53B4A81000D3378BC7 /* uv.xcodeproj */;
			proxyType = 1;
			remoteGlobalIDString = 178071661CB321BB5A46AC92;
			remoteInfo = libuv;
		};
		19F422D7FD85EAF0EDD5000D /* PBXContainerItemProxy */ = {
			isa = PBXContainerItemProxy;
			containerPortal = CF860C12839DB42D74918F38 /* openssl.xcodeproj */;
			proxyType = 1;
			remoteGlobalIDString = E53F90E6C0DABF34DAEBCE16;
			remoteInfo = openssl;
		};
		2EA4364968A59CCFFE25570E /* PBXContainerItemProxy */ = {
			isa = PBXContainerItemProxy;
			containerPortal = CF860C12839DB42D74918F38 /* openssl.xcodeproj */;
			proxyType = 1;
			remoteGlobalIDString = E53F90E6C0DABF34DAEBCE16;
			remoteInfo = openssl;
		};
		38253A3AB50FC0A7681F6B24 /* PBXContainerItemProxy */ = {
			isa = PBXContainerItemProxy;
			containerPortal = DB04EA159A88EB1C62BF850F /* Project object */;
			proxyType = 1;
			remoteGlobalIDString = 4F3992F0E555B18D6A666941;
			remoteInfo = pitaya_unity;
		};
		3EEF891FF19C2BE5E3EAB792 /* PBXContainerItemProxy */ = {
			isa = PBXContainerItemProxy;
			containerPortal = DB04EA159A88EB1C62BF850F /* Project object */;
			proxyType = 1;
			remoteGlobalIDString = 9CDDC22BAC5D007CF9D0AE11;
			remoteInfo = pitaya;
		};
		483A020D1268DF801F985B61 /* PBXContainerItemProxy */ = {
			isa = PBXContainerItemProxy;
			containerPortal = 96F42E79D13B2C9EF80282B9 /* zlib.xcodeproj */;
			proxyType = 1;
			remoteGlobalIDString = CFE557433A4D2EFFDC01DBB4;
			remoteInfo = zlib;
		};
		5E70DD8B1FC19B1869732097 /* PBXContainerItemProxy */ = {
			isa = PBXContainerItemProxy;
			containerPortal = DB04EA159A88EB1C62BF850F /* Project object */;
			proxyType = 1;
			remoteGlobalIDString = 67DA0152ECBEF498CF1C1BB7;
			remoteInfo = tests;
		};
		679FBE3BE9B3908152D85D25 /* PBXContainerItemProxy */ = {
			isa = PBXContainerItemProxy;
			containerPortal = 7A07FC53B4A81000D3378BC7 /* uv.xcodeproj */;
			proxyType = 1;
			remoteGlobalIDString = 178071661CB321BB5A46AC92;
			remoteInfo = libuv;
		};
		8103516B251ABEC07722A02F /* PBXContainerItemProxy */ = {
			isa = PBXContainerItemProxy;
			containerPortal = 96F42E79D13B2C9EF80282B9 /* zlib.xcodeproj */;
			proxyType = 1;
			remoteGlobalIDString = CFE557433A4D2EFFDC01DBB4;
			remoteInfo = zlib;
		};
		867BE86FB145A742547E8908 /* PBXContainerItemProxy */ = {
			isa = PBXContainerItemProxy;
			containerPortal = CF860C12839DB42D74918F38 /* openssl.xcodeproj */;
			proxyType = 2;
			remoteGlobalIDString = F74C97A4930ACE0A652ECF70;
			remoteInfo = openssl;
		};
		8A45E649941C9A77DAD60962 /* PBXContainerItemProxy */ = {
			isa = PBXContainerItemProxy;
			containerPortal = 7A07FC53B4A81000D3378BC7 /* uv.xcodeproj */;
			proxyType = 2;
			remoteGlobalIDString = 1366FBDA3B41EA03E9CC86CA;
			remoteInfo = libuv;
		};
		950B161C4BB0D5280B2A4016 /* PBXContainerItemProxy */ = {
			isa = PBXContainerItemProxy;
			containerPortal = DB04EA159A88EB1C62BF850F /* Project object */;
			proxyType = 1;
			remoteGlobalIDString = 9CDDC22BAC5D007CF9D0AE11;
			remoteInfo = pitaya;
		};
		D4D204859CA0BD928F28DE2E /* PBXContainerItemProxy */ = {
			isa = PBXContainerItemProxy;
			containerPortal = 96F42E79D13B2C9EF80282B9 /* zlib.xcodeproj */;
			proxyType = 2;
			remoteGlobalIDString = 71C051910E94E0D5C79129A5;
			remoteInfo = zlib;
		};
/* End PBXContainerItemProxy section */

/* Begin PBXFileReference section */
		01FB2E06465E2F68AA0271B6 /* pr_msg_json.c */ = {isa = PBXFileReference; lastKnownFileType = sourcecode.c.c; path = pr_msg_json.c; sourceTree = "<group>"; };
		0CF2789E0EDBC6B7F90765B7 /* pr_pkg.c */ = {isa = PBXFileReference; lastKnownFileType = sourcecode.c.c; path = pr_pkg.c; sourceTree = "<group>"; };
		171A4BF420C853C5009082CC /* pc_assert.h */ = {isa = PBXFileReference; lastKnownFileType = sourcecode.c.h; path = pc_assert.h; sourceTree = "<group>"; };
		171A4BF520C86C54009082CC /* pc_assert.c */ = {isa = PBXFileReference; lastKnownFileType = sourcecode.c.c; path = pc_assert.c; sourceTree = "<group>"; };
		1B5FA4BFCCD305A28C0B9049 /* tr_dummy.c */ = {isa = PBXFileReference; lastKnownFileType = sourcecode.c.c; path = tr_dummy.c; sourceTree = "<group>"; };
		1FE5F93353B338C5BEF3CB9F /* pr_gzip.c */ = {isa = PBXFileReference; lastKnownFileType = sourcecode.c.c; path = pr_gzip.c; sourceTree = "<group>"; };
		30014FDAA02607DA0B5ADFEA /* test_notify.c */ = {isa = PBXFileReference; lastKnownFileType = sourcecode.c.c; path = test_notify.c; sourceTree = "<group>"; };
		3019116ACA04B0193690BC32 /* tr_uv_tcp_aux.c */ = {isa = PBXFileReference; lastKnownFileType = sourcecode.c.c; path = tr_uv_tcp_aux.c; sourceTree = "<group>"; };
		55556D5804B6E2EABD6288DA /* test-tr_tls.c */ = {isa = PBXFileReference; lastKnownFileType = sourcecode.c.c; path = "test-tr_tls.c"; sourceTree = "<group>"; };
		6156655767ADB9D0D493F0E3 /* munit.c */ = {isa = PBXFileReference; lastKnownFileType = sourcecode.c.c; path = munit.c; sourceTree = "<group>"; };
		74251F2188A6E561B93FB3D6 /* test-tr_tcp.c */ = {isa = PBXFileReference; lastKnownFileType = sourcecode.c.c; path = "test-tr_tcp.c"; sourceTree = "<group>"; };
		76B65CED397920478E0273C0 /* pc_JSON.c */ = {isa = PBXFileReference; lastKnownFileType = sourcecode.c.c; path = pc_JSON.c; sourceTree = "<group>"; };
		798253CDC52C3473D6C7966A /* libpitaya.a */ = {isa = PBXFileReference; explicitFileType = archive.ar; includeInIndex = 0; path = libpitaya.a; sourceTree = BUILT_PRODUCTS_DIR; };
		7A07FC53B4A81000D3378BC7 /* uv.xcodeproj */ = {isa = PBXFileReference; lastKnownFileType = "wrapper.pb-project"; name = uv.xcodeproj; path = deps/libuv/uv.xcodeproj; sourceTree = SOURCE_ROOT; };
		8D946DEA9BFFD62C2B39C48E /* main.c */ = {isa = PBXFileReference; lastKnownFileType = sourcecode.c.c; path = main.c; sourceTree = "<group>"; };
		8E58A47EFE470FB388E356AA /* test_stress.c */ = {isa = PBXFileReference; lastKnownFileType = sourcecode.c.c; path = test_stress.c; sourceTree = "<group>"; };
		9108766608100716CA22B863 /* test_kick.c */ = {isa = PBXFileReference; lastKnownFileType = sourcecode.c.c; path = test_kick.c; sourceTree = "<group>"; };
		91331A4C5B3CAAFD66B08AF9 /* pomelo.gyp */ = {isa = PBXFileReference; explicitFileType = sourcecode; path = pomelo.gyp; sourceTree = "<group>"; };
		92240B52CAD0DCB74BFBE8D8 /* cspomelo.c */ = {isa = PBXFileReference; lastKnownFileType = sourcecode.c.c; path = cspomelo.c; sourceTree = "<group>"; };
		96F42E79D13B2C9EF80282B9 /* zlib.xcodeproj */ = {isa = PBXFileReference; lastKnownFileType = "wrapper.pb-project"; name = zlib.xcodeproj; path = deps/zlib/zlib.xcodeproj; sourceTree = SOURCE_ROOT; };
		98C1F2450BCE73666B11571B /* test_reconnection.c */ = {isa = PBXFileReference; lastKnownFileType = sourcecode.c.c; path = test_reconnection.c; sourceTree = "<group>"; };
		99A17CF0FD07388D32D98CF3 /* tr_uv_tls.c */ = {isa = PBXFileReference; lastKnownFileType = sourcecode.c.c; path = tr_uv_tls.c; sourceTree = "<group>"; };
		A0053F518F8F7D270B0412C4 /* pc_trans_repo.c */ = {isa = PBXFileReference; lastKnownFileType = sourcecode.c.c; path = pc_trans_repo.c; sourceTree = "<group>"; };
		A2A808532D7B2CF260CB19E3 /* libpitaya_unity.bundle */ = {isa = PBXFileReference; explicitFileType = "compiled.mach-o.dylib"; includeInIndex = 0; path = libpitaya_unity.bundle; sourceTree = BUILT_PRODUCTS_DIR; };
		A6C50EA22A74B59BC9D6176B /* tr_uv_tcp.c */ = {isa = PBXFileReference; lastKnownFileType = sourcecode.c.c; path = tr_uv_tcp.c; sourceTree = "<group>"; };
		ABE15A0EA6CEACFABA70F04E /* tests */ = {isa = PBXFileReference; explicitFileType = "compiled.mach-o.executable"; includeInIndex = 0; path = tests; sourceTree = BUILT_PRODUCTS_DIR; };
		B94C84D2881FA8FB586B958A /* tr_uv_tls_i.c */ = {isa = PBXFileReference; lastKnownFileType = sourcecode.c.c; path = tr_uv_tls_i.c; sourceTree = "<group>"; };
		CE3D9D957938AAB4ECC2C2AD /* -lm */ = {isa = PBXFileReference; lastKnownFileType = text; path = "-lm"; sourceTree = "<group>"; };
		CF860C12839DB42D74918F38 /* openssl.xcodeproj */ = {isa = PBXFileReference; lastKnownFileType = "wrapper.pb-project"; name = openssl.xcodeproj; path = deps/openssl/openssl.xcodeproj; sourceTree = SOURCE_ROOT; };
		D21C3122B6C6B268B046AEF7 /* pc_lib.c */ = {isa = PBXFileReference; lastKnownFileType = sourcecode.c.c; path = pc_lib.c; sourceTree = "<group>"; };
		D431CB24B7674046796C32BC /* pc_pomelo.c */ = {isa = PBXFileReference; lastKnownFileType = sourcecode.c.c; path = pc_pomelo.c; sourceTree = "<group>"; };
		D72DE8C81F064C236B4C78B9 /* tr_uv_tls_aux.c */ = {isa = PBXFileReference; lastKnownFileType = sourcecode.c.c; path = tr_uv_tls_aux.c; sourceTree = "<group>"; };
		DE3E558FBA7F67A065EC2767 /* test_session.c */ = {isa = PBXFileReference; lastKnownFileType = sourcecode.c.c; path = test_session.c; sourceTree = "<group>"; };
		DEFC87509A90889FFBE76A4A /* test_request.c */ = {isa = PBXFileReference; lastKnownFileType = sourcecode.c.c; path = test_request.c; sourceTree = "<group>"; };
		EA98E9833D3892875EC73031 /* pc_trans.c */ = {isa = PBXFileReference; lastKnownFileType = sourcecode.c.c; path = pc_trans.c; sourceTree = "<group>"; };
		EE190493AADBB17FF4BDFAF1 /* pr_msg.c */ = {isa = PBXFileReference; lastKnownFileType = sourcecode.c.c; path = pr_msg.c; sourceTree = "<group>"; };
		EE29283DE5BBE2DFBCBABA55 /* tr_uv_tcp_i.c */ = {isa = PBXFileReference; lastKnownFileType = sourcecode.c.c; path = tr_uv_tcp_i.c; sourceTree = "<group>"; };
		F5CE3FCACB5C556E2BB589E1 /* test_compression.c */ = {isa = PBXFileReference; lastKnownFileType = sourcecode.c.c; path = test_compression.c; sourceTree = "<group>"; };
		F625DFF6EB54892A7C9C08F8 /* test_pc_client.c */ = {isa = PBXFileReference; lastKnownFileType = sourcecode.c.c; path = test_pc_client.c; sourceTree = "<group>"; };
/* End PBXFileReference section */

/* Begin PBXFrameworksBuildPhase section */
		0132621AC51E043EEAD10FA0 /* Frameworks */ = {
			isa = PBXFrameworksBuildPhase;
			buildActionMask = 2147483647;
			files = (
			);
			runOnlyForDeploymentPostprocessing = 0;
		};
		B0502918AC2CBBD012339E1E /* Frameworks */ = {
			isa = PBXFrameworksBuildPhase;
			buildActionMask = 2147483647;
			files = (
				0E3B40F20FB40F3B7999C32E /* libzlib.a in Frameworks */,
				E943C4D65213D51A5E7489A7 /* libuv.a in Frameworks */,
				DF6D660B7BCB68AAACDEF8C4 /* libopenssl.a in Frameworks */,
				EEE1B24CBBF827205B40D829 /* libpitaya.a in Frameworks */,
				904C0FD8290E4E7DEC455E10 /* -lm in Frameworks */,
			);
			runOnlyForDeploymentPostprocessing = 0;
		};
		CB86A3228906DA5CEB071947 /* Frameworks */ = {
			isa = PBXFrameworksBuildPhase;
			buildActionMask = 2147483647;
			files = (
				6C9F0E499F6631807F0519E3 /* libzlib.a in Frameworks */,
				92CA46925809166571097D79 /* libuv.a in Frameworks */,
				4F22F6D6FA5274AFD6D6270A /* libopenssl.a in Frameworks */,
				90CB19DBDF26CD1F71B20900 /* libpitaya.a in Frameworks */,
				6BA97DA9E7FEE13EB2D08503 /* -lm in Frameworks */,
			);
			runOnlyForDeploymentPostprocessing = 0;
		};
/* End PBXFrameworksBuildPhase section */

/* Begin PBXGroup section */
		20C2D48560A635DC717A5AE7 /* uv */ = {
			isa = PBXGroup;
			children = (
				1FE5F93353B338C5BEF3CB9F /* pr_gzip.c */,
				EE190493AADBB17FF4BDFAF1 /* pr_msg.c */,
				01FB2E06465E2F68AA0271B6 /* pr_msg_json.c */,
				0CF2789E0EDBC6B7F90765B7 /* pr_pkg.c */,
				A6C50EA22A74B59BC9D6176B /* tr_uv_tcp.c */,
				3019116ACA04B0193690BC32 /* tr_uv_tcp_aux.c */,
				EE29283DE5BBE2DFBCBABA55 /* tr_uv_tcp_i.c */,
				99A17CF0FD07388D32D98CF3 /* tr_uv_tls.c */,
				D72DE8C81F064C236B4C78B9 /* tr_uv_tls_aux.c */,
				B94C84D2881FA8FB586B958A /* tr_uv_tls_i.c */,
			);
			path = uv;
			sourceTree = "<group>";
		};
		26B7031A3ABCADC9F665816E /* Projects */ = {
			isa = PBXGroup;
			children = (
				CF860C12839DB42D74918F38 /* openssl.xcodeproj */,
				7A07FC53B4A81000D3378BC7 /* uv.xcodeproj */,
				96F42E79D13B2C9EF80282B9 /* zlib.xcodeproj */,
			);
			name = Projects;
			sourceTree = "<group>";
		};
		36CD98BD48EE211D3053D308 /* Products */ = {
			isa = PBXGroup;
			children = (
				5BDFD6793E9DB0C171AA4F62 /* libzlib.a */,
			);
			name = Products;
			sourceTree = "<group>";
		};
		43453ADC6D1351D6E9373FA5 /* Source */ = {
			isa = PBXGroup;
			children = (
				B91D9DFB5149B6D01C9FC5A0 /* cs/contrib */,
				B8280997E3953D9180CC81A8 /* deps/munit */,
				C83DD47A9E18BC8120D41FE7 /* src */,
				F38A76363B9EA1C8BECADDE3 /* test */,
			);
			name = Source;
			sourceTree = "<group>";
		};
		9A644308101E3203BA676EDA /* Products */ = {
			isa = PBXGroup;
			children = (
				10DC97970611A9A5438E1F67 /* libopenssl.a */,
			);
			name = Products;
			sourceTree = "<group>";
		};
		9AB802B617CF1B6C4941C33A /* dummy */ = {
			isa = PBXGroup;
			children = (
				1B5FA4BFCCD305A28C0B9049 /* tr_dummy.c */,
			);
			path = dummy;
			sourceTree = "<group>";
		};
		B8280997E3953D9180CC81A8 /* deps/munit */ = {
			isa = PBXGroup;
			children = (
				6156655767ADB9D0D493F0E3 /* munit.c */,
			);
			path = deps/munit;
			sourceTree = "<group>";
		};
		B91D9DFB5149B6D01C9FC5A0 /* cs/contrib */ = {
			isa = PBXGroup;
			children = (
				92240B52CAD0DCB74BFBE8D8 /* cspomelo.c */,
				171A4BF420C853C5009082CC /* pc_assert.h */,
				171A4BF520C86C54009082CC /* pc_assert.c */,
			);
			path = cs/contrib;
			sourceTree = "<group>";
		};
		BADFDA9923828CF4A18F9F67 = {
			isa = PBXGroup;
			children = (
				43453ADC6D1351D6E9373FA5 /* Source */,
				26B7031A3ABCADC9F665816E /* Projects */,
				F6A26440FC62333FC8A41E4E /* Frameworks */,
				BDB767F11682280FB9FEEFE1 /* Products */,
				C2CD93A73B63EF926207EC38 /* Build */,
			);
			sourceTree = "<group>";
		};
		BDB767F11682280FB9FEEFE1 /* Products */ = {
			isa = PBXGroup;
			children = (
				798253CDC52C3473D6C7966A /* libpitaya.a */,
				ABE15A0EA6CEACFABA70F04E /* tests */,
				A2A808532D7B2CF260CB19E3 /* libpitaya_unity.bundle */,
			);
			name = Products;
			sourceTree = "<group>";
		};
		C2CD93A73B63EF926207EC38 /* Build */ = {
			isa = PBXGroup;
			children = (
				91331A4C5B3CAAFD66B08AF9 /* pomelo.gyp */,
			);
			name = Build;
			sourceTree = "<group>";
		};
		C83DD47A9E18BC8120D41FE7 /* src */ = {
			isa = PBXGroup;
			children = (
				D87BEB213F4626859971D307 /* tr */,
				76B65CED397920478E0273C0 /* pc_JSON.c */,
				D21C3122B6C6B268B046AEF7 /* pc_lib.c */,
				D431CB24B7674046796C32BC /* pc_pomelo.c */,
				EA98E9833D3892875EC73031 /* pc_trans.c */,
				A0053F518F8F7D270B0412C4 /* pc_trans_repo.c */,
			);
			path = src;
			sourceTree = "<group>";
		};
		D87BEB213F4626859971D307 /* tr */ = {
			isa = PBXGroup;
			children = (
				9AB802B617CF1B6C4941C33A /* dummy */,
				20C2D48560A635DC717A5AE7 /* uv */,
			);
			path = tr;
			sourceTree = "<group>";
		};
		DAC0F305E05DC7D9BF8035A6 /* Products */ = {
			isa = PBXGroup;
			children = (
				ED6ADD425B0036DEE678188C /* libuv.a */,
			);
			name = Products;
			sourceTree = "<group>";
		};
		F38A76363B9EA1C8BECADDE3 /* test */ = {
			isa = PBXGroup;
			children = (
				8D946DEA9BFFD62C2B39C48E /* main.c */,
				74251F2188A6E561B93FB3D6 /* test-tr_tcp.c */,
				55556D5804B6E2EABD6288DA /* test-tr_tls.c */,
				F5CE3FCACB5C556E2BB589E1 /* test_compression.c */,
				9108766608100716CA22B863 /* test_kick.c */,
				30014FDAA02607DA0B5ADFEA /* test_notify.c */,
				F625DFF6EB54892A7C9C08F8 /* test_pc_client.c */,
				98C1F2450BCE73666B11571B /* test_reconnection.c */,
				DEFC87509A90889FFBE76A4A /* test_request.c */,
				DE3E558FBA7F67A065EC2767 /* test_session.c */,
				8E58A47EFE470FB388E356AA /* test_stress.c */,
			);
			path = test;
			sourceTree = "<group>";
		};
		F6A26440FC62333FC8A41E4E /* Frameworks */ = {
			isa = PBXGroup;
			children = (
				CE3D9D957938AAB4ECC2C2AD /* -lm */,
			);
			name = Frameworks;
			sourceTree = "<group>";
		};
/* End PBXGroup section */

/* Begin PBXNativeTarget section */
		4F3992F0E555B18D6A666941 /* pitaya_unity */ = {
			isa = PBXNativeTarget;
			buildConfigurationList = 1A0462F4E0838204AC6709E9 /* Build configuration list for PBXNativeTarget "pitaya_unity" */;
			buildPhases = (
				235DD70104A8C0CC0624B8AC /* Sources */,
				CB86A3228906DA5CEB071947 /* Frameworks */,
			);
			buildRules = (
			);
			dependencies = (
				B907A7055CDA8F215944328B /* PBXTargetDependency */,
				AF1499085061DC852256E717 /* PBXTargetDependency */,
				CC302E00DCF1B3016CE025D7 /* PBXTargetDependency */,
				626CCFB436BE7AFA7AA07B12 /* PBXTargetDependency */,
			);
			name = pitaya_unity;
			productName = pitaya_unity;
			productReference = A2A808532D7B2CF260CB19E3 /* libpitaya_unity.bundle */;
			productType = "com.apple.product-type.library.dynamic";
		};
		67DA0152ECBEF498CF1C1BB7 /* tests */ = {
			isa = PBXNativeTarget;
			buildConfigurationList = 20916EB71A3511EB6C82AB7D /* Build configuration list for PBXNativeTarget "tests" */;
			buildPhases = (
				FEA08369E89E802A2B71A528 /* Sources */,
				B0502918AC2CBBD012339E1E /* Frameworks */,
			);
			buildRules = (
			);
			dependencies = (
				6A78F4DE372EDCDBF9D0605F /* PBXTargetDependency */,
				A13F924B62931F8A74192712 /* PBXTargetDependency */,
				0954B73A023DC547FE3ADFD3 /* PBXTargetDependency */,
				7A84E1147DB3A79775C3FBD7 /* PBXTargetDependency */,
			);
			name = tests;
			productName = tests;
			productReference = ABE15A0EA6CEACFABA70F04E /* tests */;
			productType = "com.apple.product-type.tool";
		};
		9CDDC22BAC5D007CF9D0AE11 /* pitaya */ = {
			isa = PBXNativeTarget;
			buildConfigurationList = 842ADD6E875155BE1347162A /* Build configuration list for PBXNativeTarget "pitaya" */;
			buildPhases = (
				56689AED011D70F3267FE496 /* Sources */,
				0132621AC51E043EEAD10FA0 /* Frameworks */,
			);
			buildRules = (
			);
			dependencies = (
			);
			name = pitaya;
			productName = pitaya;
			productReference = 798253CDC52C3473D6C7966A /* libpitaya.a */;
			productType = "com.apple.product-type.library.static";
		};
/* End PBXNativeTarget section */

/* Begin PBXProject section */
		DB04EA159A88EB1C62BF850F /* Project object */ = {
			isa = PBXProject;
			attributes = {
				BuildIndependentTargetsInParallel = YES;
			};
			buildConfigurationList = 8507625DC7EBB8838C0F9137 /* Build configuration list for PBXProject "pomelo" */;
			compatibilityVersion = "Xcode 3.2";
			developmentRegion = en;
			hasScannedForEncodings = 1;
			knownRegions = (
				en,
			);
			mainGroup = BADFDA9923828CF4A18F9F67;
			projectDirPath = "";
			projectReferences = (
				{
					ProductGroup = 9A644308101E3203BA676EDA /* Products */;
					ProjectRef = CF860C12839DB42D74918F38 /* openssl.xcodeproj */;
				},
				{
					ProductGroup = DAC0F305E05DC7D9BF8035A6 /* Products */;
					ProjectRef = 7A07FC53B4A81000D3378BC7 /* uv.xcodeproj */;
				},
				{
					ProductGroup = 36CD98BD48EE211D3053D308 /* Products */;
					ProjectRef = 96F42E79D13B2C9EF80282B9 /* zlib.xcodeproj */;
				},
			);
			projectRoot = "";
			targets = (
				6E409A209D642E8BDEE75143 /* All */,
				9CDDC22BAC5D007CF9D0AE11 /* pitaya */,
				67DA0152ECBEF498CF1C1BB7 /* tests */,
				4F3992F0E555B18D6A666941 /* pitaya_unity */,
			);
		};
/* End PBXProject section */

/* Begin PBXReferenceProxy section */
		10DC97970611A9A5438E1F67 /* libopenssl.a */ = {
			isa = PBXReferenceProxy;
			fileType = archive.ar;
			path = libopenssl.a;
			remoteRef = 867BE86FB145A742547E8908 /* PBXContainerItemProxy */;
			sourceTree = BUILT_PRODUCTS_DIR;
		};
		5BDFD6793E9DB0C171AA4F62 /* libzlib.a */ = {
			isa = PBXReferenceProxy;
			fileType = archive.ar;
			path = libzlib.a;
			remoteRef = D4D204859CA0BD928F28DE2E /* PBXContainerItemProxy */;
			sourceTree = BUILT_PRODUCTS_DIR;
		};
		ED6ADD425B0036DEE678188C /* libuv.a */ = {
			isa = PBXReferenceProxy;
			fileType = archive.ar;
			path = libuv.a;
			remoteRef = 8A45E649941C9A77DAD60962 /* PBXContainerItemProxy */;
			sourceTree = BUILT_PRODUCTS_DIR;
		};
/* End PBXReferenceProxy section */

/* Begin PBXSourcesBuildPhase section */
		235DD70104A8C0CC0624B8AC /* Sources */ = {
			isa = PBXSourcesBuildPhase;
			buildActionMask = 2147483647;
			files = (
				171A4BFB20C86D5A009082CC /* pc_assert.c in Sources */,
				B30B0D1C41CA605DC2D91BD8 /* cspomelo.c in Sources */,
			);
			runOnlyForDeploymentPostprocessing = 0;
		};
		56689AED011D70F3267FE496 /* Sources */ = {
			isa = PBXSourcesBuildPhase;
			buildActionMask = 2147483647;
			files = (
				0C5D67A2EBD04D16F8DD7ADC /* pc_pomelo.c in Sources */,
				FE7DA27424D4819CA9BB167E /* pc_lib.c in Sources */,
				65C3FD1641E942B6D88EFF62 /* pc_trans.c in Sources */,
				1EF56CDE7594F6518166422D /* pc_trans_repo.c in Sources */,
				830509A7C76FBDDDB6A45AF5 /* pc_JSON.c in Sources */,
				218F812345028D23CECCBC20 /* tr_dummy.c in Sources */,
				59D44BB2D46CDC8FE6B5D006 /* pr_gzip.c in Sources */,
				7C4A580DAA39840FBE6455EC /* pr_msg.c in Sources */,
				171A4BF920C86D59009082CC /* pc_assert.c in Sources */,
				5E86EEFAB227F8B15C5EEB6D /* pr_msg_json.c in Sources */,
				3474D85AA88FEFC223DA645F /* pr_pkg.c in Sources */,
				269FAE1B997673EDAC8C65D4 /* tr_uv_tcp.c in Sources */,
				86671B488B4E3B1CC56344B1 /* tr_uv_tcp_i.c in Sources */,
				67ECB708FBC8AE6E523E9E67 /* tr_uv_tcp_aux.c in Sources */,
				ECCE108E271DE2958D0C34EA /* tr_uv_tls.c in Sources */,
				E2F4CE74832413090BA073F6 /* tr_uv_tls_i.c in Sources */,
				FAF324DB234930BDFAD888AA /* tr_uv_tls_aux.c in Sources */,
			);
			runOnlyForDeploymentPostprocessing = 0;
		};
		FEA08369E89E802A2B71A528 /* Sources */ = {
			isa = PBXSourcesBuildPhase;
			buildActionMask = 2147483647;
			files = (
				817B711635B5C4A832288B55 /* main.c in Sources */,
				5073A7EA1A37E48324FDF797 /* test-tr_tcp.c in Sources */,
				F6FFCBBBF7A3F960A850B799 /* test-tr_tls.c in Sources */,
				9E51B574A261E3E81AE282DC /* test_pc_client.c in Sources */,
				BB9EEA2CCACCDB7D7FD84369 /* test_reconnection.c in Sources */,
				CA440914A89D25AED413A40E /* test_compression.c in Sources */,
				0A04F234234C06CFF0766232 /* test_kick.c in Sources */,
				B2A94B804D3193A643A44668 /* test_session.c in Sources */,
				75290DD0A26DE802D93701EF /* test_request.c in Sources */,
				171A4BFA20C86D5A009082CC /* pc_assert.c in Sources */,
				48C0593D198EC949B6231B0B /* test_notify.c in Sources */,
				D00FA5A759029DC371FD349E /* test_stress.c in Sources */,
				3F17109A79D65D988EFA0951 /* munit.c in Sources */,
			);
			runOnlyForDeploymentPostprocessing = 0;
		};
/* End PBXSourcesBuildPhase section */

/* Begin PBXTargetDependency section */
		0954B73A023DC547FE3ADFD3 /* PBXTargetDependency */ = {
			isa = PBXTargetDependency;
			name = openssl;
			targetProxy = 19F422D7FD85EAF0EDD5000D /* PBXContainerItemProxy */;
		};
		420AEC40ADC3E6CA8DA39C8E /* PBXTargetDependency */ = {
			isa = PBXTargetDependency;
			target = 9CDDC22BAC5D007CF9D0AE11 /* pitaya */;
			targetProxy = 3EEF891FF19C2BE5E3EAB792 /* PBXContainerItemProxy */;
		};
		626CCFB436BE7AFA7AA07B12 /* PBXTargetDependency */ = {
			isa = PBXTargetDependency;
			target = 9CDDC22BAC5D007CF9D0AE11 /* pitaya */;
			targetProxy = 05A81609B15D81D44720FD86 /* PBXContainerItemProxy */;
		};
		6A78F4DE372EDCDBF9D0605F /* PBXTargetDependency */ = {
			isa = PBXTargetDependency;
			name = zlib;
			targetProxy = 8103516B251ABEC07722A02F /* PBXContainerItemProxy */;
		};
		7A84E1147DB3A79775C3FBD7 /* PBXTargetDependency */ = {
			isa = PBXTargetDependency;
			target = 9CDDC22BAC5D007CF9D0AE11 /* pitaya */;
			targetProxy = 950B161C4BB0D5280B2A4016 /* PBXContainerItemProxy */;
		};
		93CE62CB19C8FD583016AB28 /* PBXTargetDependency */ = {
			isa = PBXTargetDependency;
			target = 67DA0152ECBEF498CF1C1BB7 /* tests */;
			targetProxy = 5E70DD8B1FC19B1869732097 /* PBXContainerItemProxy */;
		};
		A13F924B62931F8A74192712 /* PBXTargetDependency */ = {
			isa = PBXTargetDependency;
			name = libuv;
			targetProxy = 079CB2489118288CBD8D67A5 /* PBXContainerItemProxy */;
		};
		AE78CDFFBD50C2DC06A7658A /* PBXTargetDependency */ = {
			isa = PBXTargetDependency;
			target = 4F3992F0E555B18D6A666941 /* pitaya_unity */;
			targetProxy = 38253A3AB50FC0A7681F6B24 /* PBXContainerItemProxy */;
		};
		AF1499085061DC852256E717 /* PBXTargetDependency */ = {
			isa = PBXTargetDependency;
			name = libuv;
			targetProxy = 679FBE3BE9B3908152D85D25 /* PBXContainerItemProxy */;
		};
		B907A7055CDA8F215944328B /* PBXTargetDependency */ = {
			isa = PBXTargetDependency;
			name = zlib;
			targetProxy = 483A020D1268DF801F985B61 /* PBXContainerItemProxy */;
		};
		CC302E00DCF1B3016CE025D7 /* PBXTargetDependency */ = {
			isa = PBXTargetDependency;
			name = openssl;
			targetProxy = 2EA4364968A59CCFFE25570E /* PBXContainerItemProxy */;
		};
/* End PBXTargetDependency section */

/* Begin XCBuildConfiguration section */
		28679713DF4D5F8F2BA537A5 /* Release_x64 */ = {
			isa = XCBuildConfiguration;
			buildSettings = {
				EXECUTABLE_PREFIX = lib;
				GCC_PREPROCESSOR_DEFINITIONS = (
					_LARGEFILE_SOURCE,
					"_FILE_OFFSET_BITS=64",
					_GNU_SOURCE,
					"_DARWIN_USE_64_BIT_INODE=1",
				);
				HEADER_SEARCH_PATHS = (
					./deps/libuv/include,
					./deps/openssl/openssl/include,
					./include,
					./src,
					deps/zlib,
					deps/libuv/include,
					deps/openssl/openssl/include,
				);
				PRODUCT_NAME = pitaya;
			};
			name = Release_x64;
		};
		47D961B9CE950A0EB786DAC1 /* Release_x64 */ = {
			isa = XCBuildConfiguration;
			buildSettings = {
				EXECUTABLE_EXTENSION = bundle;
				EXECUTABLE_PREFIX = lib;
				GCC_PREPROCESSOR_DEFINITIONS = (
					_LARGEFILE_SOURCE,
					"_FILE_OFFSET_BITS=64",
					_GNU_SOURCE,
					"_DARWIN_USE_64_BIT_INODE=1",
				);
				HEADER_SEARCH_PATHS = (
					./deps/libuv/include,
					./deps/openssl/openssl/include,
					./include/,
					deps/zlib,
					deps/libuv/include,
					deps/openssl/openssl/include,
				);
				LIBRARY_SEARCH_PATHS = "";
				PRODUCT_NAME = pitaya_unity;
			};
			name = Release_x64;
		};
		7F2010A9AD44A92B9BEE6231 /* Release_x64 */ = {
			isa = XCBuildConfiguration;
			buildSettings = {
				PRODUCT_NAME = All;
			};
			name = Release_x64;
		};
		9F422FE91C29DBAF7C7A1B6A /* Release_x64 */ = {
			isa = XCBuildConfiguration;
			buildSettings = {
				INTERMEDIATE_DIR = "$(PROJECT_DERIVED_FILE_DIR)/$(CONFIGURATION)";
				SHARED_INTERMEDIATE_DIR = "$(SYMROOT)/DerivedSources/$(CONFIGURATION)";
			};
			name = Release_x64;
		};
		A43026754EB597F32B722E96 /* Release_x64 */ = {
			isa = XCBuildConfiguration;
			buildSettings = {
				EXECUTABLE_PREFIX = "";
				GCC_PREPROCESSOR_DEFINITIONS = (
					_LARGEFILE_SOURCE,
					"_FILE_OFFSET_BITS=64",
					_GNU_SOURCE,
					"_DARWIN_USE_64_BIT_INODE=1",
				);
				HEADER_SEARCH_PATHS = (
					./deps/libuv/include,
					./deps/openssl/openssl/include,
					./include/,
					/usr/local/include,
					./deps/munit,
					deps/zlib,
					deps/libuv/include,
					deps/openssl/openssl/include,
				);
				LIBRARY_SEARCH_PATHS = "";
				PRODUCT_NAME = tests;
			};
			name = Release_x64;
		};
/* End XCBuildConfiguration section */

/* Begin XCConfigurationList section */
		1A0462F4E0838204AC6709E9 /* Build configuration list for PBXNativeTarget "pitaya_unity" */ = {
			isa = XCConfigurationList;
			buildConfigurations = (
				47D961B9CE950A0EB786DAC1 /* Release_x64 */,
			);
			defaultConfigurationIsVisible = 1;
			defaultConfigurationName = Release_x64;
		};
		20916EB71A3511EB6C82AB7D /* Build configuration list for PBXNativeTarget "tests" */ = {
			isa = XCConfigurationList;
			buildConfigurations = (
				A43026754EB597F32B722E96 /* Release_x64 */,
			);
			defaultConfigurationIsVisible = 1;
			defaultConfigurationName = Release_x64;
		};
		384AEC9F9DD77EC08BAFA36F /* Build configuration list for PBXAggregateTarget "All" */ = {
			isa = XCConfigurationList;
			buildConfigurations = (
				7F2010A9AD44A92B9BEE6231 /* Release_x64 */,
			);
			defaultConfigurationIsVisible = 1;
			defaultConfigurationName = Release_x64;
		};
		842ADD6E875155BE1347162A /* Build configuration list for PBXNativeTarget "pitaya" */ = {
			isa = XCConfigurationList;
			buildConfigurations = (
				28679713DF4D5F8F2BA537A5 /* Release_x64 */,
			);
			defaultConfigurationIsVisible = 1;
			defaultConfigurationName = Release_x64;
		};
		8507625DC7EBB8838C0F9137 /* Build configuration list for PBXProject "pomelo" */ = {
			isa = XCConfigurationList;
			buildConfigurations = (
				9F422FE91C29DBAF7C7A1B6A /* Release_x64 */,
			);
			defaultConfigurationIsVisible = 1;
			defaultConfigurationName = Release_x64;
		};
/* End XCConfigurationList section */
	};
	rootObject = DB04EA159A88EB1C62BF850F /* Project object */;
}
