PODS:
  - libuv (1.4.0)
  - OpenSSL-Universal (1.0.2.13)
  - Pitaya (0.0.1):
    - libuv (~> 1.4.0)
    - OpenSSL-Universal (~> 1.0.2.13)

DEPENDENCIES:
  - Pitaya (from `../../`)

SPEC REPOS:
  "git@git.topfreegames.com:libs-frameworks/cocoapods-specs.git":
    - libuv
    - OpenSSL-Universal

EXTERNAL SOURCES:
  Pitaya:
    :path: "../../"

SPEC CHECKSUMS:
  libuv: 8497e469e7918518052d895945a4b17e6dbb088e
  OpenSSL-Universal: 401888162f11c33ebbd46f782d9229da35c61327
  Pitaya: 34a57cfb04c457fa9cca1ac01668778a36a33144

PODFILE CHECKSUM: 244e639dbb40a857341541f8ffdf38ea75ca7fa7

COCOAPODS: 1.5.3
