PODS:
  - libuv (1.4.0)
  - OpenSSL-TFG (1.1.1a.3)
  - Pitaya (0.0.1):
    - libuv (~> 1.4.0)
    - OpenSSL-TFG (~> 1.1.1a.3)

DEPENDENCIES:
  - Pitaya (from `../../`)
  - Protobuf

SPEC REPOS:
  https://github.com/CocoaPods/Specs.git:
    - libuv
    - OpenSSL-TFG

EXTERNAL SOURCES:
  Pitaya:
    :path: "../../"

SPEC CHECKSUMS:
  libuv: 8497e469e7918518052d895945a4b17e6dbb088e
  OpenSSL-TFG: 4182c11e2a5dfe952bee0ea855bb0f660e5562b6
  Pitaya: 771700890284bf86ad7e09ac940194807ce8aa56

PODFILE CHECKSUM: bb0fd389571ffaf25575f04f6f23a59bb7d6d42f

COCOAPODS: 1.5.0
