// !$*UTF8*$!
{
	archiveVersion = 1;
	classes = {
	};
	objectVersion = 48;
	objects = {

/* Begin PBXBuildFile section */
		172C660F2087E05E0072EEC2 /* Pitaya.podspec in Resources */ = {isa = PBXBuildFile; fileRef = 172C660E2087E05E0072EEC2 /* Pitaya.podspec */; };
		174AD62F207BF58400C2D521 /* AppDelegate.m in Sources */ = {isa = PBXBuildFile; fileRef = 174AD62E207BF58400C2D521 /* AppDelegate.m */; };
		174AD632207BF58400C2D521 /* ViewController.m in Sources */ = {isa = PBXBuildFile; fileRef = 174AD631207BF58400C2D521 /* ViewController.m */; };
		174AD635207BF58400C2D521 /* Main.storyboard in Resources */ = {isa = PBXBuildFile; fileRef = 174AD633207BF58400C2D521 /* Main.storyboard */; };
		174AD637207BF58400C2D521 /* Assets.xcassets in Resources */ = {isa = PBXBuildFile; fileRef = 174AD636207BF58400C2D521 /* Assets.xcassets */; };
		174AD63A207BF58400C2D521 /* LaunchScreen.storyboard in Resources */ = {isa = PBXBuildFile; fileRef = 174AD638207BF58400C2D521 /* LaunchScreen.storyboard */; };
		174AD63D207BF58400C2D521 /* main.m in Sources */ = {isa = PBXBuildFile; fileRef = 174AD63C207BF58400C2D521 /* main.m */; };
		179CA79922255E7F002DC4C5 /* PitayaClientTests.m in Sources */ = {isa = PBXBuildFile; fileRef = 179CA78E22254F4A002DC4C5 /* PitayaClientTests.m */; };
		179CA7A0222561BE002DC4C5 /* SessionData.m in Sources */ = {isa = PBXBuildFile; fileRef = 179CA79F222561BE002DC4C5 /* SessionData.m */; };
		17AB7C9721304536008F6B83 /* ca_root.crt in Resources */ = {isa = PBXBuildFile; fileRef = 17AB7C9621304535008F6B83 /* ca_root.crt */; };
		8C75B09D3B5EAD976F9C038F /* libPods-common-PitayaClient.a in Frameworks */ = {isa = PBXBuildFile; fileRef = A331092ED51DB8F18DCB8795 /* libPods-common-PitayaClient.a */; };
		ACB3219B68E3FDE669A895E2 /* libPods-common-PitayaClientTests.a in Frameworks */ = {isa = PBXBuildFile; fileRef = 62EF094BAF65771CCE251067 /* libPods-common-PitayaClientTests.a */; };
/* End PBXBuildFile section */

/* Begin PBXContainerItemProxy section */
		179CA79122254F4A002DC4C5 /* PBXContainerItemProxy */ = {
			isa = PBXContainerItemProxy;
			containerPortal = 174AD622207BF58400C2D521 /* Project object */;
			proxyType = 1;
			remoteGlobalIDString = 174AD629207BF58400C2D521;
			remoteInfo = PitayaClient;
		};
/* End PBXContainerItemProxy section */

/* Begin PBXFileReference section */
		172C660E2087E05E0072EEC2 /* Pitaya.podspec */ = {isa = PBXFileReference; fileEncoding = 4; lastKnownFileType = text; name = Pitaya.podspec; path = ../../Pitaya.podspec; sourceTree = "<group>"; xcLanguageSpecificationIdentifier = xcode.lang.ruby; };
		174AD62A207BF58400C2D521 /* PitayaClient.app */ = {isa = PBXFileReference; explicitFileType = wrapper.application; includeInIndex = 0; path = PitayaClient.app; sourceTree = BUILT_PRODUCTS_DIR; };
		174AD62D207BF58400C2D521 /* AppDelegate.h */ = {isa = PBXFileReference; lastKnownFileType = sourcecode.c.h; path = AppDelegate.h; sourceTree = "<group>"; };
		174AD62E207BF58400C2D521 /* AppDelegate.m */ = {isa = PBXFileReference; lastKnownFileType = sourcecode.c.objc; path = AppDelegate.m; sourceTree = "<group>"; };
		174AD630207BF58400C2D521 /* ViewController.h */ = {isa = PBXFileReference; lastKnownFileType = sourcecode.c.h; path = ViewController.h; sourceTree = "<group>"; };
		174AD631207BF58400C2D521 /* ViewController.m */ = {isa = PBXFileReference; lastKnownFileType = sourcecode.c.objc; path = ViewController.m; sourceTree = "<group>"; };
		174AD634207BF58400C2D521 /* Base */ = {isa = PBXFileReference; lastKnownFileType = file.storyboard; name = Base; path = Base.lproj/Main.storyboard; sourceTree = "<group>"; };
		174AD636207BF58400C2D521 /* Assets.xcassets */ = {isa = PBXFileReference; lastKnownFileType = folder.assetcatalog; path = Assets.xcassets; sourceTree = "<group>"; };
		174AD639207BF58400C2D521 /* Base */ = {isa = PBXFileReference; lastKnownFileType = file.storyboard; name = Base; path = Base.lproj/LaunchScreen.storyboard; sourceTree = "<group>"; };
		174AD63B207BF58400C2D521 /* Info.plist */ = {isa = PBXFileReference; lastKnownFileType = text.plist.xml; path = Info.plist; sourceTree = "<group>"; };
		174AD63C207BF58400C2D521 /* main.m */ = {isa = PBXFileReference; lastKnownFileType = sourcecode.c.objc; path = main.m; sourceTree = "<group>"; };
		179CA78722254A66002DC4C5 /* README.md */ = {isa = PBXFileReference; lastKnownFileType = net.daringfireball.markdown; path = README.md; sourceTree = "<group>"; };
		179CA78C22254F4A002DC4C5 /* PitayaClientTests.xctest */ = {isa = PBXFileReference; explicitFileType = wrapper.cfbundle; includeInIndex = 0; path = PitayaClientTests.xctest; sourceTree = BUILT_PRODUCTS_DIR; };
		179CA78E22254F4A002DC4C5 /* PitayaClientTests.m */ = {isa = PBXFileReference; lastKnownFileType = sourcecode.c.objc; path = PitayaClientTests.m; sourceTree = "<group>"; };
		179CA79022254F4A002DC4C5 /* Info.plist */ = {isa = PBXFileReference; lastKnownFileType = text.plist.xml; path = Info.plist; sourceTree = "<group>"; };
		179CA79E222561BE002DC4C5 /* SessionData.h */ = {isa = PBXFileReference; lastKnownFileType = sourcecode.c.h; path = SessionData.h; sourceTree = "<group>"; };
		179CA79F222561BE002DC4C5 /* SessionData.m */ = {isa = PBXFileReference; lastKnownFileType = sourcecode.c.objc; path = SessionData.m; sourceTree = "<group>"; };
		17AB7C9621304535008F6B83 /* ca_root.crt */ = {isa = PBXFileReference; fileEncoding = 4; lastKnownFileType = text; path = ca_root.crt; sourceTree = "<group>"; };
		46F21EF151A2181E2350DC44 /* Pods-common-PitayaClient.release.xcconfig */ = {isa = PBXFileReference; includeInIndex = 1; lastKnownFileType = text.xcconfig; name = "Pods-common-PitayaClient.release.xcconfig"; path = "Pods/Target Support Files/Pods-common-PitayaClient/Pods-common-PitayaClient.release.xcconfig"; sourceTree = "<group>"; };
		62EF094BAF65771CCE251067 /* libPods-common-PitayaClientTests.a */ = {isa = PBXFileReference; explicitFileType = archive.ar; includeInIndex = 0; path = "libPods-common-PitayaClientTests.a"; sourceTree = BUILT_PRODUCTS_DIR; };
		A331092ED51DB8F18DCB8795 /* libPods-common-PitayaClient.a */ = {isa = PBXFileReference; explicitFileType = archive.ar; includeInIndex = 0; path = "libPods-common-PitayaClient.a"; sourceTree = BUILT_PRODUCTS_DIR; };
		BAD2FA329385B2DDF6B597B9 /* Pods-common-PitayaClient.debug.xcconfig */ = {isa = PBXFileReference; includeInIndex = 1; lastKnownFileType = text.xcconfig; name = "Pods-common-PitayaClient.debug.xcconfig"; path = "Pods/Target Support Files/Pods-common-PitayaClient/Pods-common-PitayaClient.debug.xcconfig"; sourceTree = "<group>"; };
		CED8DC2D4A72E137760F01F4 /* Pods-common-PitayaClientTests.release.xcconfig */ = {isa = PBXFileReference; includeInIndex = 1; lastKnownFileType = text.xcconfig; name = "Pods-common-PitayaClientTests.release.xcconfig"; path = "Pods/Target Support Files/Pods-common-PitayaClientTests/Pods-common-PitayaClientTests.release.xcconfig"; sourceTree = "<group>"; };
		E004108DBDCAB30BB1AEDF43 /* Pods-common-PitayaClientTests.debug.xcconfig */ = {isa = PBXFileReference; includeInIndex = 1; lastKnownFileType = text.xcconfig; name = "Pods-common-PitayaClientTests.debug.xcconfig"; path = "Pods/Target Support Files/Pods-common-PitayaClientTests/Pods-common-PitayaClientTests.debug.xcconfig"; sourceTree = "<group>"; };
/* End PBXFileReference section */

/* Begin PBXFrameworksBuildPhase section */
		174AD627207BF58400C2D521 /* Frameworks */ = {
			isa = PBXFrameworksBuildPhase;
			buildActionMask = 2147483647;
			files = (
				8C75B09D3B5EAD976F9C038F /* libPods-common-PitayaClient.a in Frameworks */,
			);
			runOnlyForDeploymentPostprocessing = 0;
		};
		179CA78922254F4A002DC4C5 /* Frameworks */ = {
			isa = PBXFrameworksBuildPhase;
			buildActionMask = 2147483647;
			files = (
				ACB3219B68E3FDE669A895E2 /* libPods-common-PitayaClientTests.a in Frameworks */,
			);
			runOnlyForDeploymentPostprocessing = 0;
		};
/* End PBXFrameworksBuildPhase section */

/* Begin PBXGroup section */
		174AD621207BF58400C2D521 = {
			isa = PBXGroup;
			children = (
				179CA78722254A66002DC4C5 /* README.md */,
				172C660E2087E05E0072EEC2 /* Pitaya.podspec */,
				174AD62C207BF58400C2D521 /* PitayaClient */,
				179CA78D22254F4A002DC4C5 /* PitayaClientTests */,
				174AD62B207BF58400C2D521 /* Products */,
				18B220AC1D7980A9C073AECB /* Pods */,
				80725167314589822BBB27A3 /* Frameworks */,
			);
			sourceTree = "<group>";
		};
		174AD62B207BF58400C2D521 /* Products */ = {
			isa = PBXGroup;
			children = (
				174AD62A207BF58400C2D521 /* PitayaClient.app */,
				179CA78C22254F4A002DC4C5 /* PitayaClientTests.xctest */,
			);
			name = Products;
			sourceTree = "<group>";
		};
		174AD62C207BF58400C2D521 /* PitayaClient */ = {
			isa = PBXGroup;
			children = (
				174AD62D207BF58400C2D521 /* AppDelegate.h */,
				174AD62E207BF58400C2D521 /* AppDelegate.m */,
				174AD630207BF58400C2D521 /* ViewController.h */,
				17AB7C9621304535008F6B83 /* ca_root.crt */,
				174AD631207BF58400C2D521 /* ViewController.m */,
				174AD633207BF58400C2D521 /* Main.storyboard */,
				174AD636207BF58400C2D521 /* Assets.xcassets */,
				174AD638207BF58400C2D521 /* LaunchScreen.storyboard */,
				174AD63B207BF58400C2D521 /* Info.plist */,
				174AD63C207BF58400C2D521 /* main.m */,
			);
			path = PitayaClient;
			sourceTree = "<group>";
		};
		179CA78D22254F4A002DC4C5 /* PitayaClientTests */ = {
			isa = PBXGroup;
			children = (
				179CA78E22254F4A002DC4C5 /* PitayaClientTests.m */,
				179CA79E222561BE002DC4C5 /* SessionData.h */,
				179CA79F222561BE002DC4C5 /* SessionData.m */,
				179CA79022254F4A002DC4C5 /* Info.plist */,
			);
			path = PitayaClientTests;
			sourceTree = "<group>";
		};
		18B220AC1D7980A9C073AECB /* Pods */ = {
			isa = PBXGroup;
			children = (
				BAD2FA329385B2DDF6B597B9 /* Pods-common-PitayaClient.debug.xcconfig */,
				46F21EF151A2181E2350DC44 /* Pods-common-PitayaClient.release.xcconfig */,
				E004108DBDCAB30BB1AEDF43 /* Pods-common-PitayaClientTests.debug.xcconfig */,
				CED8DC2D4A72E137760F01F4 /* Pods-common-PitayaClientTests.release.xcconfig */,
			);
			name = Pods;
			sourceTree = "<group>";
		};
		80725167314589822BBB27A3 /* Frameworks */ = {
			isa = PBXGroup;
			children = (
				A331092ED51DB8F18DCB8795 /* libPods-common-PitayaClient.a */,
				62EF094BAF65771CCE251067 /* libPods-common-PitayaClientTests.a */,
			);
			name = Frameworks;
			sourceTree = "<group>";
		};
/* End PBXGroup section */

/* Begin PBXNativeTarget section */
		174AD629207BF58400C2D521 /* PitayaClient */ = {
			isa = PBXNativeTarget;
			buildConfigurationList = 174AD640207BF58400C2D521 /* Build configuration list for PBXNativeTarget "PitayaClient" */;
			buildPhases = (
				130B7D21279DD9A04142FA9B /* [CP] Check Pods Manifest.lock */,
				174AD626207BF58400C2D521 /* Sources */,
				174AD627207BF58400C2D521 /* Frameworks */,
				174AD628207BF58400C2D521 /* Resources */,
			);
			buildRules = (
			);
			dependencies = (
			);
			name = PitayaClient;
			productName = PitayaClient;
			productReference = 174AD62A207BF58400C2D521 /* PitayaClient.app */;
			productType = "com.apple.product-type.application";
		};
		179CA78B22254F4A002DC4C5 /* PitayaClientTests */ = {
			isa = PBXNativeTarget;
			buildConfigurationList = 179CA79322254F4A002DC4C5 /* Build configuration list for PBXNativeTarget "PitayaClientTests" */;
			buildPhases = (
				CF143DF7D079C699C181BA0E /* [CP] Check Pods Manifest.lock */,
				179CA78822254F4A002DC4C5 /* Sources */,
				179CA78922254F4A002DC4C5 /* Frameworks */,
				179CA78A22254F4A002DC4C5 /* Resources */,
			);
			buildRules = (
			);
			dependencies = (
				179CA79222254F4A002DC4C5 /* PBXTargetDependency */,
			);
			name = PitayaClientTests;
			productName = PitayaClientTests;
			productReference = 179CA78C22254F4A002DC4C5 /* PitayaClientTests.xctest */;
			productType = "com.apple.product-type.bundle.unit-test";
		};
/* End PBXNativeTarget section */

/* Begin PBXProject section */
		174AD622207BF58400C2D521 /* Project object */ = {
			isa = PBXProject;
			attributes = {
				LastUpgradeCheck = 0920;
				ORGANIZATIONNAME = TFG;
				TargetAttributes = {
					174AD629207BF58400C2D521 = {
						CreatedOnToolsVersion = 9.2;
						ProvisioningStyle = Manual;
					};
					179CA78B22254F4A002DC4C5 = {
						CreatedOnToolsVersion = 10.1;
						ProvisioningStyle = Automatic;
						TestTargetID = 174AD629207BF58400C2D521;
					};
				};
			};
			buildConfigurationList = 174AD625207BF58400C2D521 /* Build configuration list for PBXProject "PitayaClient" */;
			compatibilityVersion = "Xcode 8.0";
			developmentRegion = en;
			hasScannedForEncodings = 0;
			knownRegions = (
				en,
				Base,
			);
			mainGroup = 174AD621207BF58400C2D521;
			productRefGroup = 174AD62B207BF58400C2D521 /* Products */;
			projectDirPath = "";
			projectRoot = "";
			targets = (
				174AD629207BF58400C2D521 /* PitayaClient */,
				179CA78B22254F4A002DC4C5 /* PitayaClientTests */,
			);
		};
/* End PBXProject section */

/* Begin PBXResourcesBuildPhase section */
		174AD628207BF58400C2D521 /* Resources */ = {
			isa = PBXResourcesBuildPhase;
			buildActionMask = 2147483647;
			files = (
				174AD63A207BF58400C2D521 /* LaunchScreen.storyboard in Resources */,
				174AD637207BF58400C2D521 /* Assets.xcassets in Resources */,
				172C660F2087E05E0072EEC2 /* Pitaya.podspec in Resources */,
				174AD635207BF58400C2D521 /* Main.storyboard in Resources */,
				17AB7C9721304536008F6B83 /* ca_root.crt in Resources */,
			);
			runOnlyForDeploymentPostprocessing = 0;
		};
		179CA78A22254F4A002DC4C5 /* Resources */ = {
			isa = PBXResourcesBuildPhase;
			buildActionMask = 2147483647;
			files = (
			);
			runOnlyForDeploymentPostprocessing = 0;
		};
/* End PBXResourcesBuildPhase section */

/* Begin PBXShellScriptBuildPhase section */
		130B7D21279DD9A04142FA9B /* [CP] Check Pods Manifest.lock */ = {
			isa = PBXShellScriptBuildPhase;
			buildActionMask = 2147483647;
			files = (
			);
			inputFileListPaths = (
			);
			inputPaths = (
				"${PODS_PODFILE_DIR_PATH}/Podfile.lock",
				"${PODS_ROOT}/Manifest.lock",
			);
			name = "[CP] Check Pods Manifest.lock";
			outputFileListPaths = (
			);
			outputPaths = (
				"$(DERIVED_FILE_DIR)/Pods-common-PitayaClient-checkManifestLockResult.txt",
			);
			runOnlyForDeploymentPostprocessing = 0;
			shellPath = /bin/sh;
			shellScript = "diff \"${PODS_PODFILE_DIR_PATH}/Podfile.lock\" \"${PODS_ROOT}/Manifest.lock\" > /dev/null\nif [ $? != 0 ] ; then\n    # print error to STDERR\n    echo \"error: The sandbox is not in sync with the Podfile.lock. Run 'pod install' or update your CocoaPods installation.\" >&2\n    exit 1\nfi\n# This output is used by Xcode 'outputs' to avoid re-running this script phase.\necho \"SUCCESS\" > \"${SCRIPT_OUTPUT_FILE_0}\"\n";
			showEnvVarsInLog = 0;
		};
		CF143DF7D079C699C181BA0E /* [CP] Check Pods Manifest.lock */ = {
			isa = PBXShellScriptBuildPhase;
			buildActionMask = 2147483647;
			files = (
			);
			inputFileListPaths = (
			);
			inputPaths = (
				"${PODS_PODFILE_DIR_PATH}/Podfile.lock",
				"${PODS_ROOT}/Manifest.lock",
			);
			name = "[CP] Check Pods Manifest.lock";
			outputFileListPaths = (
			);
			outputPaths = (
				"$(DERIVED_FILE_DIR)/Pods-common-PitayaClientTests-checkManifestLockResult.txt",
			);
			runOnlyForDeploymentPostprocessing = 0;
			shellPath = /bin/sh;
			shellScript = "diff \"${PODS_PODFILE_DIR_PATH}/Podfile.lock\" \"${PODS_ROOT}/Manifest.lock\" > /dev/null\nif [ $? != 0 ] ; then\n    # print error to STDERR\n    echo \"error: The sandbox is not in sync with the Podfile.lock. Run 'pod install' or update your CocoaPods installation.\" >&2\n    exit 1\nfi\n# This output is used by Xcode 'outputs' to avoid re-running this script phase.\necho \"SUCCESS\" > \"${SCRIPT_OUTPUT_FILE_0}\"\n";
			showEnvVarsInLog = 0;
		};
/* End PBXShellScriptBuildPhase section */

/* Begin PBXSourcesBuildPhase section */
		174AD626207BF58400C2D521 /* Sources */ = {
			isa = PBXSourcesBuildPhase;
			buildActionMask = 2147483647;
			files = (
				174AD632207BF58400C2D521 /* ViewController.m in Sources */,
				174AD63D207BF58400C2D521 /* main.m in Sources */,
				174AD62F207BF58400C2D521 /* AppDelegate.m in Sources */,
			);
			runOnlyForDeploymentPostprocessing = 0;
		};
		179CA78822254F4A002DC4C5 /* Sources */ = {
			isa = PBXSourcesBuildPhase;
			buildActionMask = 2147483647;
			files = (
				179CA79922255E7F002DC4C5 /* PitayaClientTests.m in Sources */,
				179CA7A0222561BE002DC4C5 /* SessionData.m in Sources */,
			);
			runOnlyForDeploymentPostprocessing = 0;
		};
/* End PBXSourcesBuildPhase section */

/* Begin PBXTargetDependency section */
		179CA79222254F4A002DC4C5 /* PBXTargetDependency */ = {
			isa = PBXTargetDependency;
			target = 174AD629207BF58400C2D521 /* PitayaClient */;
			targetProxy = 179CA79122254F4A002DC4C5 /* PBXContainerItemProxy */;
		};
/* End PBXTargetDependency section */

/* Begin PBXVariantGroup section */
		174AD633207BF58400C2D521 /* Main.storyboard */ = {
			isa = PBXVariantGroup;
			children = (
				174AD634207BF58400C2D521 /* Base */,
			);
			name = Main.storyboard;
			sourceTree = "<group>";
		};
		174AD638207BF58400C2D521 /* LaunchScreen.storyboard */ = {
			isa = PBXVariantGroup;
			children = (
				174AD639207BF58400C2D521 /* Base */,
			);
			name = LaunchScreen.storyboard;
			sourceTree = "<group>";
		};
/* End PBXVariantGroup section */

/* Begin XCBuildConfiguration section */
		174AD63E207BF58400C2D521 /* Debug */ = {
			isa = XCBuildConfiguration;
			buildSettings = {
				ALWAYS_SEARCH_USER_PATHS = NO;
				CLANG_ANALYZER_NONNULL = YES;
				CLANG_ANALYZER_NUMBER_OBJECT_CONVERSION = YES_AGGRESSIVE;
				CLANG_CXX_LANGUAGE_STANDARD = "gnu++14";
				CLANG_CXX_LIBRARY = "libc++";
				CLANG_ENABLE_MODULES = YES;
				CLANG_ENABLE_OBJC_ARC = YES;
				CLANG_WARN_BLOCK_CAPTURE_AUTORELEASING = YES;
				CLANG_WARN_BOOL_CONVERSION = YES;
				CLANG_WARN_COMMA = YES;
				CLANG_WARN_CONSTANT_CONVERSION = YES;
				CLANG_WARN_DIRECT_OBJC_ISA_USAGE = YES_ERROR;
				CLANG_WARN_DOCUMENTATION_COMMENTS = YES;
				CLANG_WARN_EMPTY_BODY = YES;
				CLANG_WARN_ENUM_CONVERSION = YES;
				CLANG_WARN_INFINITE_RECURSION = YES;
				CLANG_WARN_INT_CONVERSION = YES;
				CLANG_WARN_NON_LITERAL_NULL_CONVERSION = YES;
				CLANG_WARN_OBJC_LITERAL_CONVERSION = YES;
				CLANG_WARN_OBJC_ROOT_CLASS = YES_ERROR;
				CLANG_WARN_RANGE_LOOP_ANALYSIS = YES;
				CLANG_WARN_STRICT_PROTOTYPES = YES;
				CLANG_WARN_SUSPICIOUS_MOVE = YES;
				CLANG_WARN_UNGUARDED_AVAILABILITY = YES_AGGRESSIVE;
				CLANG_WARN_UNREACHABLE_CODE = YES;
				CLANG_WARN__DUPLICATE_METHOD_MATCH = YES;
				CODE_SIGN_IDENTITY = "iPhone Developer";
				COPY_PHASE_STRIP = NO;
				DEBUG_INFORMATION_FORMAT = dwarf;
				ENABLE_STRICT_OBJC_MSGSEND = YES;
				ENABLE_TESTABILITY = YES;
				GCC_C_LANGUAGE_STANDARD = gnu11;
				GCC_DYNAMIC_NO_PIC = NO;
				GCC_NO_COMMON_BLOCKS = YES;
				GCC_OPTIMIZATION_LEVEL = 0;
				GCC_PREPROCESSOR_DEFINITIONS = (
					"DEBUG=1",
					"$(inherited)",
				);
				GCC_WARN_64_TO_32_BIT_CONVERSION = YES;
				GCC_WARN_ABOUT_RETURN_TYPE = YES_ERROR;
				GCC_WARN_UNDECLARED_SELECTOR = YES;
				GCC_WARN_UNINITIALIZED_AUTOS = YES_AGGRESSIVE;
				GCC_WARN_UNUSED_FUNCTION = YES;
				GCC_WARN_UNUSED_VARIABLE = YES;
				IPHONEOS_DEPLOYMENT_TARGET = 11.2;
				MTL_ENABLE_DEBUG_INFO = YES;
				ONLY_ACTIVE_ARCH = YES;
				SDKROOT = iphoneos;
			};
			name = Debug;
		};
		174AD63F207BF58400C2D521 /* Release */ = {
			isa = XCBuildConfiguration;
			buildSettings = {
				ALWAYS_SEARCH_USER_PATHS = NO;
				CLANG_ANALYZER_NONNULL = YES;
				CLANG_ANALYZER_NUMBER_OBJECT_CONVERSION = YES_AGGRESSIVE;
				CLANG_CXX_LANGUAGE_STANDARD = "gnu++14";
				CLANG_CXX_LIBRARY = "libc++";
				CLANG_ENABLE_MODULES = YES;
				CLANG_ENABLE_OBJC_ARC = YES;
				CLANG_WARN_BLOCK_CAPTURE_AUTORELEASING = YES;
				CLANG_WARN_BOOL_CONVERSION = YES;
				CLANG_WARN_COMMA = YES;
				CLANG_WARN_CONSTANT_CONVERSION = YES;
				CLANG_WARN_DIRECT_OBJC_ISA_USAGE = YES_ERROR;
				CLANG_WARN_DOCUMENTATION_COMMENTS = YES;
				CLANG_WARN_EMPTY_BODY = YES;
				CLANG_WARN_ENUM_CONVERSION = YES;
				CLANG_WARN_INFINITE_RECURSION = YES;
				CLANG_WARN_INT_CONVERSION = YES;
				CLANG_WARN_NON_LITERAL_NULL_CONVERSION = YES;
				CLANG_WARN_OBJC_LITERAL_CONVERSION = YES;
				CLANG_WARN_OBJC_ROOT_CLASS = YES_ERROR;
				CLANG_WARN_RANGE_LOOP_ANALYSIS = YES;
				CLANG_WARN_STRICT_PROTOTYPES = YES;
				CLANG_WARN_SUSPICIOUS_MOVE = YES;
				CLANG_WARN_UNGUARDED_AVAILABILITY = YES_AGGRESSIVE;
				CLANG_WARN_UNREACHABLE_CODE = YES;
				CLANG_WARN__DUPLICATE_METHOD_MATCH = YES;
				CODE_SIGN_IDENTITY = "iPhone Developer";
				COPY_PHASE_STRIP = NO;
				DEBUG_INFORMATION_FORMAT = "dwarf-with-dsym";
				ENABLE_NS_ASSERTIONS = NO;
				ENABLE_STRICT_OBJC_MSGSEND = YES;
				GCC_C_LANGUAGE_STANDARD = gnu11;
				GCC_NO_COMMON_BLOCKS = YES;
				GCC_WARN_64_TO_32_BIT_CONVERSION = YES;
				GCC_WARN_ABOUT_RETURN_TYPE = YES_ERROR;
				GCC_WARN_UNDECLARED_SELECTOR = YES;
				GCC_WARN_UNINITIALIZED_AUTOS = YES_AGGRESSIVE;
				GCC_WARN_UNUSED_FUNCTION = YES;
				GCC_WARN_UNUSED_VARIABLE = YES;
				IPHONEOS_DEPLOYMENT_TARGET = 11.2;
				MTL_ENABLE_DEBUG_INFO = NO;
				SDKROOT = iphoneos;
				VALIDATE_PRODUCT = YES;
			};
			name = Release;
		};
		174AD641207BF58400C2D521 /* Debug */ = {
			isa = XCBuildConfiguration;
			baseConfigurationReference = BAD2FA329385B2DDF6B597B9 /* Pods-common-PitayaClient.debug.xcconfig */;
			buildSettings = {
				ASSETCATALOG_COMPILER_APPICON_NAME = AppIcon;
				CODE_SIGN_STYLE = Manual;
				DEVELOPMENT_TEAM = 3THJCX5EUA;
				INFOPLIST_FILE = PitayaClient/Info.plist;
				LD_RUNPATH_SEARCH_PATHS = "$(inherited) @executable_path/Frameworks";
				PRODUCT_BUNDLE_IDENTIFIER = com.topfreegames.staticlibproject.PitayaClient;
				PRODUCT_NAME = "$(TARGET_NAME)";
				PROVISIONING_PROFILE = "9eb92fa2-d31e-4c9e-9a29-1e994d2f7136";
				PROVISIONING_PROFILE_SPECIFIER = "Dev Top Free Games";
				TARGETED_DEVICE_FAMILY = "1,2";
			};
			name = Debug;
		};
		174AD642207BF58400C2D521 /* Release */ = {
			isa = XCBuildConfiguration;
			baseConfigurationReference = 46F21EF151A2181E2350DC44 /* Pods-common-PitayaClient.release.xcconfig */;
			buildSettings = {
				ASSETCATALOG_COMPILER_APPICON_NAME = AppIcon;
				CODE_SIGN_STYLE = Manual;
				DEVELOPMENT_TEAM = 3THJCX5EUA;
				INFOPLIST_FILE = PitayaClient/Info.plist;
				LD_RUNPATH_SEARCH_PATHS = "$(inherited) @executable_path/Frameworks";
				PRODUCT_BUNDLE_IDENTIFIER = com.topfreegames.staticlibproject.PitayaClient;
				PRODUCT_NAME = "$(TARGET_NAME)";
				PROVISIONING_PROFILE = "30d91c0f-64c3-4c7b-a78e-54a7965a0c68";
				PROVISIONING_PROFILE_SPECIFIER = "Dev Top Free Games";
				TARGETED_DEVICE_FAMILY = "1,2";
			};
			name = Release;
		};
		179CA79422254F4A002DC4C5 /* Debug */ = {
			isa = XCBuildConfiguration;
			baseConfigurationReference = E004108DBDCAB30BB1AEDF43 /* Pods-common-PitayaClientTests.debug.xcconfig */;
			buildSettings = {
				BUNDLE_LOADER = "$(TEST_HOST)";
				CLANG_ENABLE_OBJC_WEAK = YES;
				CLANG_WARN_DEPRECATED_OBJC_IMPLEMENTATIONS = YES;
				CLANG_WARN_OBJC_IMPLICIT_RETAIN_SELF = YES;
				CODE_SIGN_STYLE = Automatic;
				INFOPLIST_FILE = PitayaClientTests/Info.plist;
				IPHONEOS_DEPLOYMENT_TARGET = 12.1;
				LD_RUNPATH_SEARCH_PATHS = "$(inherited) @executable_path/Frameworks @loader_path/Frameworks";
				MTL_ENABLE_DEBUG_INFO = INCLUDE_SOURCE;
				MTL_FAST_MATH = YES;
				PRODUCT_BUNDLE_IDENTIFIER = com.tfg.PitayaClientTests;
				PRODUCT_NAME = "$(TARGET_NAME)";
				TARGETED_DEVICE_FAMILY = "1,2";
				TEST_HOST = "$(BUILT_PRODUCTS_DIR)/PitayaClient.app/PitayaClient";
			};
			name = Debug;
		};
		179CA79522254F4A002DC4C5 /* Release */ = {
			isa = XCBuildConfiguration;
			baseConfigurationReference = CED8DC2D4A72E137760F01F4 /* Pods-common-PitayaClientTests.release.xcconfig */;
			buildSettings = {
				BUNDLE_LOADER = "$(TEST_HOST)";
				CLANG_ENABLE_OBJC_WEAK = YES;
				CLANG_WARN_DEPRECATED_OBJC_IMPLEMENTATIONS = YES;
				CLANG_WARN_OBJC_IMPLICIT_RETAIN_SELF = YES;
				CODE_SIGN_STYLE = Automatic;
				INFOPLIST_FILE = PitayaClientTests/Info.plist;
				IPHONEOS_DEPLOYMENT_TARGET = 12.1;
				LD_RUNPATH_SEARCH_PATHS = "$(inherited) @executable_path/Frameworks @loader_path/Frameworks";
				MTL_FAST_MATH = YES;
				PRODUCT_BUNDLE_IDENTIFIER = com.tfg.PitayaClientTests;
				PRODUCT_NAME = "$(TARGET_NAME)";
				TARGETED_DEVICE_FAMILY = "1,2";
				TEST_HOST = "$(BUILT_PRODUCTS_DIR)/PitayaClient.app/PitayaClient";
			};
			name = Release;
		};
/* End XCBuildConfiguration section */

/* Begin XCConfigurationList section */
		174AD625207BF58400C2D521 /* Build configuration list for PBXProject "PitayaClient" */ = {
			isa = XCConfigurationList;
			buildConfigurations = (
				174AD63E207BF58400C2D521 /* Debug */,
				174AD63F207BF58400C2D521 /* Release */,
			);
			defaultConfigurationIsVisible = 0;
			defaultConfigurationName = Release;
		};
		174AD640207BF58400C2D521 /* Build configuration list for PBXNativeTarget "PitayaClient" */ = {
			isa = XCConfigurationList;
			buildConfigurations = (
				174AD641207BF58400C2D521 /* Debug */,
				174AD642207BF58400C2D521 /* Release */,
			);
			defaultConfigurationIsVisible = 0;
			defaultConfigurationName = Release;
		};
		179CA79322254F4A002DC4C5 /* Build configuration list for PBXNativeTarget "PitayaClientTests" */ = {
			isa = XCConfigurationList;
			buildConfigurations = (
				179CA79422254F4A002DC4C5 /* Debug */,
				179CA79522254F4A002DC4C5 /* Release */,
			);
			defaultConfigurationIsVisible = 0;
			defaultConfigurationName = Release;
		};
/* End XCConfigurationList section */
	};
	rootObject = 174AD622207BF58400C2D521 /* Project object */;
}
