
Microsoft Visual Studio Solution File, Format Version 11.00
# Visual Studio 2010
Project("{FAE04EC0-301F-11D3-BF4B-00C04F79EFBC}") = "Pitaya", "Pitaya.csproj", "{2AFBFCFD-1228-C52B-B5D1-BBD293C506E5}"
EndProject
Project("{FAE04EC0-301F-11D3-BF4B-00C04F79EFBC}") = "Tests", "Tests.csproj", "{5D8E91EF-EE28-D137-6AC4-083EDFB079C0}"
EndProject
Global
	GlobalSection(SolutionConfigurationPlatforms) = preSolution
		Debug|Any CPU = Debug|Any CPU
		Release|Any CPU = Release|Any CPU
	EndGlobalSection
	GlobalSection(ProjectConfigurationPlatforms) = postSolution
		{2AFBFCFD-1228-C52B-B5D1-BBD293C506E5}.Debug|Any CPU.ActiveCfg = Debug|Any CPU
		{2AFBFCFD-1228-C52B-B5D1-BBD293C506E5}.Debug|Any CPU.Build.0 = Debug|Any CPU
		{2AFBFCFD-1228-C52B-B5D1-BBD293C506E5}.Release|Any CPU.ActiveCfg = Release|Any CPU
		{2AFBFCFD-1228-C52B-B5D1-BBD293C506E5}.Release|Any CPU.Build.0 = Release|Any CPU
		{5D8E91EF-EE28-D137-6AC4-083EDFB079C0}.Debug|Any CPU.ActiveCfg = Debug|Any CPU
		{5D8E91EF-EE28-D137-6AC4-083EDFB079C0}.Debug|Any CPU.Build.0 = Debug|Any CPU
		{5D8E91EF-EE28-D137-6AC4-083EDFB079C0}.Release|Any CPU.ActiveCfg = Release|Any CPU
		{5D8E91EF-EE28-D137-6AC4-083EDFB079C0}.Release|Any CPU.Build.0 = Release|Any CPU
	EndGlobalSection
	GlobalSection(SolutionProperties) = preSolution
		HideSolutionNode = FALSE
	EndGlobalSection
	GlobalSection(MonoDevelopProperties) = preSolution
		StartupItem = Assembly-CSharp.csproj
	EndGlobalSection
EndGlobal
